
Microsoft Visual Studio Solution File, Format Version 12.00
# Visual Studio 2013
VisualStudioVersion = 12.0.31101.0
MinimumVisualStudioVersion = 10.0.40219.1
Project("{FAE04EC0-301F-11D3-BF4B-00C04F79EFBC}") = "ANZAC_Quiz", "ANZAC_Quiz\ANZAC_Quiz.csproj", "{B2A21FFC-6EAF-4556-99F5-F198A3B507BD}"
EndProject
Project("{FAE04EC0-301F-11D3-BF4B-00C04F79EFBC}") = "anzac_services", "anzac_services\anzac_services.csproj", "{0A7F5FE4-7145-4CD1-9D8A-9077EB8C89A9}"
EndProject
Global
	GlobalSection(SolutionConfigurationPlatforms) = preSolution
		Debug|Any CPU = Debug|Any CPU
		Release|Any CPU = Release|Any CPU
	EndGlobalSection
	GlobalSection(ProjectConfigurationPlatforms) = postSolution
		{B2A21FFC-6EAF-4556-99F5-F198A3B507BD}.Debug|Any CPU.ActiveCfg = Debug|Any CPU
		{B2A21FFC-6EAF-4556-99F5-F198A3B507BD}.Debug|Any CPU.Build.0 = Debug|Any CPU
		{B2A21FFC-6EAF-4556-99F5-F198A3B507BD}.Release|Any CPU.ActiveCfg = Release|Any CPU
		{B2A21FFC-6EAF-4556-99F5-F198A3B507BD}.Release|Any CPU.Build.0 = Release|Any CPU
		{0A7F5FE4-7145-4CD1-9D8A-9077EB8C89A9}.Debug|Any CPU.ActiveCfg = Debug|Any CPU
		{0A7F5FE4-7145-4CD1-9D8A-9077EB8C89A9}.Debug|Any CPU.Build.0 = Debug|Any CPU
		{0A7F5FE4-7145-4CD1-9D8A-9077EB8C89A9}.Release|Any CPU.ActiveCfg = Release|Any CPU
		{0A7F5FE4-7145-4CD1-9D8A-9077EB8C89A9}.Release|Any CPU.Build.0 = Release|Any CPU
	EndGlobalSection
	GlobalSection(SolutionProperties) = preSolution
		HideSolutionNode = FALSE
	EndGlobalSection
EndGlobal
